
Microsoft Visual Studio Solution File, Format Version 12.00
# Visual Studio Version 17
VisualStudioVersion = 17.4.33213.308
MinimumVisualStudioVersion = 10.0.40219.1
Project("{FAE04EC0-301F-11D3-BF4B-00C04F79EFBC}") = "NLayer.Core", "NLayer.Core\NLayer.Core.csproj", "{4F949C48-D62C-4911-93D4-138DCC8BF6F0}"
EndProject
Project("{FAE04EC0-301F-11D3-BF4B-00C04F79EFBC}") = "NLayerRepository", "NLayerRepository\NLayerRepository.csproj", "{67426051-7BCF-4EF7-BB19-D1C6AA6365D2}"
EndProject
Project("{FAE04EC0-301F-11D3-BF4B-00C04F79EFBC}") = "NLayerService", "NLayerService\NLayerService.csproj", "{5BA8A76B-E5D3-4AC6-8467-8D997A827FE9}"
EndProject
Project("{FAE04EC0-301F-11D3-BF4B-00C04F79EFBC}") = "NLayer.API", "NLayer.API\NLayer.API.csproj", "{8052AB90-2562-4C6F-A9B4-D7EECBD7DA37}"
EndProject
Project("{FAE04EC0-301F-11D3-BF4B-00C04F79EFBC}") = "NLayer.Web", "NLayer.Web\NLayer.Web.csproj", "{47E23C9A-233C-4336-9400-BCC89F0D6987}"
EndProject
Project("{FAE04EC0-301F-11D3-BF4B-00C04F79EFBC}") = "NLayer.Caching", "NLayer.Caching\NLayer.Caching.csproj", "{554F9E6A-C599-40F3-81AA-E8EF926CAF8C}"
EndProject
Global
	GlobalSection(SolutionConfigurationPlatforms) = preSolution
		Debug|Any CPU = Debug|Any CPU
		Release|Any CPU = Release|Any CPU
	EndGlobalSection
	GlobalSection(ProjectConfigurationPlatforms) = postSolution
		{4F949C48-D62C-4911-93D4-138DCC8BF6F0}.Debug|Any CPU.ActiveCfg = Debug|Any CPU
		{4F949C48-D62C-4911-93D4-138DCC8BF6F0}.Debug|Any CPU.Build.0 = Debug|Any CPU
		{4F949C48-D62C-4911-93D4-138DCC8BF6F0}.Release|Any CPU.ActiveCfg = Release|Any CPU
		{4F949C48-D62C-4911-93D4-138DCC8BF6F0}.Release|Any CPU.Build.0 = Release|Any CPU
		{67426051-7BCF-4EF7-BB19-D1C6AA6365D2}.Debug|Any CPU.ActiveCfg = Debug|Any CPU
		{67426051-7BCF-4EF7-BB19-D1C6AA6365D2}.Debug|Any CPU.Build.0 = Debug|Any CPU
		{67426051-7BCF-4EF7-BB19-D1C6AA6365D2}.Release|Any CPU.ActiveCfg = Release|Any CPU
		{67426051-7BCF-4EF7-BB19-D1C6AA6365D2}.Release|Any CPU.Build.0 = Release|Any CPU
		{5BA8A76B-E5D3-4AC6-8467-8D997A827FE9}.Debug|Any CPU.ActiveCfg = Debug|Any CPU
		{5BA8A76B-E5D3-4AC6-8467-8D997A827FE9}.Debug|Any CPU.Build.0 = Debug|Any CPU
		{5BA8A76B-E5D3-4AC6-8467-8D997A827FE9}.Release|Any CPU.ActiveCfg = Release|Any CPU
		{5BA8A76B-E5D3-4AC6-8467-8D997A827FE9}.Release|Any CPU.Build.0 = Release|Any CPU
		{8052AB90-2562-4C6F-A9B4-D7EECBD7DA37}.Debug|Any CPU.ActiveCfg = Debug|Any CPU
		{8052AB90-2562-4C6F-A9B4-D7EECBD7DA37}.Debug|Any CPU.Build.0 = Debug|Any CPU
		{8052AB90-2562-4C6F-A9B4-D7EECBD7DA37}.Release|Any CPU.ActiveCfg = Release|Any CPU
		{8052AB90-2562-4C6F-A9B4-D7EECBD7DA37}.Release|Any CPU.Build.0 = Release|Any CPU
		{47E23C9A-233C-4336-9400-BCC89F0D6987}.Debug|Any CPU.ActiveCfg = Debug|Any CPU
		{47E23C9A-233C-4336-9400-BCC89F0D6987}.Debug|Any CPU.Build.0 = Debug|Any CPU
		{47E23C9A-233C-4336-9400-BCC89F0D6987}.Release|Any CPU.ActiveCfg = Release|Any CPU
		{47E23C9A-233C-4336-9400-BCC89F0D6987}.Release|Any CPU.Build.0 = Release|Any CPU
		{554F9E6A-C599-40F3-81AA-E8EF926CAF8C}.Debug|Any CPU.ActiveCfg = Debug|Any CPU
		{554F9E6A-C599-40F3-81AA-E8EF926CAF8C}.Debug|Any CPU.Build.0 = Debug|Any CPU
		{554F9E6A-C599-40F3-81AA-E8EF926CAF8C}.Release|Any CPU.ActiveCfg = Release|Any CPU
		{554F9E6A-C599-40F3-81AA-E8EF926CAF8C}.Release|Any CPU.Build.0 = Release|Any CPU
	EndGlobalSection
	GlobalSection(SolutionProperties) = preSolution
		HideSolutionNode = FALSE
	EndGlobalSection
	GlobalSection(ExtensibilityGlobals) = postSolution
		SolutionGuid = {623368A4-D7D7-4CC7-8D3A-22A701ACB42A}
	EndGlobalSection
EndGlobal
